
Microsoft Visual Studio Solution File, Format Version 12.00
# Visual Studio Version 16
VisualStudioVersion = 16.0.30621.155
MinimumVisualStudioVersion = 10.0.40219.1
Project("{FAE04EC0-301F-11D3-BF4B-00C04F79EFBC}") = "Delegates", "Delegates\Delegates.csproj", "{1CBC3B1C-D92C-494A-851E-301450B2DB18}"
EndProject
Project("{FAE04EC0-301F-11D3-BF4B-00C04F79EFBC}") = "DelegatesExample", "DelegatesExample\DelegatesExample.csproj", "{08E435A5-E6A8-4EB2-A150-D65E82D4AB54}"
EndProject
Global
	GlobalSection(SolutionConfigurationPlatforms) = preSolution
		Debug|Any CPU = Debug|Any CPU
		Release|Any CPU = Release|Any CPU
	EndGlobalSection
	GlobalSection(ProjectConfigurationPlatforms) = postSolution
		{1CBC3B1C-D92C-494A-851E-301450B2DB18}.Debug|Any CPU.ActiveCfg = Debug|Any CPU
		{1CBC3B1C-D92C-494A-851E-301450B2DB18}.Debug|Any CPU.Build.0 = Debug|Any CPU
		{1CBC3B1C-D92C-494A-851E-301450B2DB18}.Release|Any CPU.ActiveCfg = Release|Any CPU
		{1CBC3B1C-D92C-494A-851E-301450B2DB18}.Release|Any CPU.Build.0 = Release|Any CPU
		{08E435A5-E6A8-4EB2-A150-D65E82D4AB54}.Debug|Any CPU.ActiveCfg = Debug|Any CPU
		{08E435A5-E6A8-4EB2-A150-D65E82D4AB54}.Debug|Any CPU.Build.0 = Debug|Any CPU
		{08E435A5-E6A8-4EB2-A150-D65E82D4AB54}.Release|Any CPU.ActiveCfg = Release|Any CPU
		{08E435A5-E6A8-4EB2-A150-D65E82D4AB54}.Release|Any CPU.Build.0 = Release|Any CPU
	EndGlobalSection
	GlobalSection(SolutionProperties) = preSolution
		HideSolutionNode = FALSE
	EndGlobalSection
	GlobalSection(ExtensibilityGlobals) = postSolution
		SolutionGuid = {F3B8BA90-DCF5-4DBD-8ADC-DB7A13AA09A6}
	EndGlobalSection
EndGlobal
